// !$*UTF8*$!
{
	archiveVersion = 1;
	classes = {
	};
	objectVersion = 46;
	objects = {

/* Begin PBXBuildFile section */
		2840EA9C19B4C5A100EE4E82 /* Foundation.framework in Frameworks */ = {isa = PBXBuildFile; fileRef = 2840EA9B19B4C5A100EE4E82 /* Foundation.framework */; };
		2840EA9E19B4C5A100EE4E82 /* CoreGraphics.framework in Frameworks */ = {isa = PBXBuildFile; fileRef = 2840EA9D19B4C5A100EE4E82 /* CoreGraphics.framework */; };
		2840EAA019B4C5A100EE4E82 /* UIKit.framework in Frameworks */ = {isa = PBXBuildFile; fileRef = 2840EA9F19B4C5A100EE4E82 /* UIKit.framework */; };
		2840EAA619B4C5A100EE4E82 /* InfoPlist.strings in Resources */ = {isa = PBXBuildFile; fileRef = 2840EAA419B4C5A100EE4E82 /* InfoPlist.strings */; };
		2840EAA819B4C5A100EE4E82 /* main.m in Sources */ = {isa = PBXBuildFile; fileRef = 2840EAA719B4C5A100EE4E82 /* main.m */; };
		2840EAAC19B4C5A100EE4E82 /* JREAppDelegate.m in Sources */ = {isa = PBXBuildFile; fileRef = 2840EAAB19B4C5A100EE4E82 /* JREAppDelegate.m */; };
		2840EAAF19B4C5A100EE4E82 /* Main.storyboard in Resources */ = {isa = PBXBuildFile; fileRef = 2840EAAD19B4C5A100EE4E82 /* Main.storyboard */; };
		2840EAB219B4C5A100EE4E82 /* JREViewController.m in Sources */ = {isa = PBXBuildFile; fileRef = 2840EAB119B4C5A100EE4E82 /* JREViewController.m */; };
		2840EAB419B4C5A100EE4E82 /* Images.xcassets in Resources */ = {isa = PBXBuildFile; fileRef = 2840EAB319B4C5A100EE4E82 /* Images.xcassets */; };
		2840EABB19B4C5A100EE4E82 /* XCTest.framework in Frameworks */ = {isa = PBXBuildFile; fileRef = 2840EABA19B4C5A100EE4E82 /* XCTest.framework */; };
		2840EABC19B4C5A100EE4E82 /* Foundation.framework in Frameworks */ = {isa = PBXBuildFile; fileRef = 2840EA9B19B4C5A100EE4E82 /* Foundation.framework */; };
		2840EABD19B4C5A100EE4E82 /* UIKit.framework in Frameworks */ = {isa = PBXBuildFile; fileRef = 2840EA9F19B4C5A100EE4E82 /* UIKit.framework */; };
		2840EAC519B4C5A100EE4E82 /* InfoPlist.strings in Resources */ = {isa = PBXBuildFile; fileRef = 2840EAC319B4C5A100EE4E82 /* InfoPlist.strings */; };
		2840EAC719B4C5A100EE4E82 /* Git_TestTests.m in Sources */ = {isa = PBXBuildFile; fileRef = 2840EAC619B4C5A100EE4E82 /* Git_TestTests.m */; };
/* End PBXBuildFile section */

/* Begin PBXContainerItemProxy section */
		2840EABE19B4C5A100EE4E82 /* PBXContainerItemProxy */ = {
			isa = PBXContainerItemProxy;
			containerPortal = 2840EA9019B4C5A100EE4E82 /* Project object */;
			proxyType = 1;
			remoteGlobalIDString = 2840EA9719B4C5A100EE4E82;
			remoteInfo = "Git Test";
		};
/* End PBXContainerItemProxy section */

/* Begin PBXFileReference section */
		2840EA9819B4C5A100EE4E82 /* Git Test.app */ = {isa = PBXFileReference; explicitFileType = wrapper.application; includeInIndex = 0; path = "Git Test.app"; sourceTree = BUILT_PRODUCTS_DIR; };
		2840EA9B19B4C5A100EE4E82 /* Foundation.framework */ = {isa = PBXFileReference; lastKnownFileType = wrapper.framework; name = Foundation.framework; path = System/Library/Frameworks/Foundation.framework; sourceTree = SDKROOT; };
		2840EA9D19B4C5A100EE4E82 /* CoreGraphics.framework */ = {isa = PBXFileReference; lastKnownFileType = wrapper.framework; name = CoreGraphics.framework; path = System/Library/Frameworks/CoreGraphics.framework; sourceTree = SDKROOT; };
		2840EA9F19B4C5A100EE4E82 /* UIKit.framework */ = {isa = PBXFileReference; lastKnownFileType = wrapper.framework; name = UIKit.framework; path = System/Library/Frameworks/UIKit.framework; sourceTree = SDKROOT; };
		2840EAA319B4C5A100EE4E82 /* Git Test-Info.plist */ = {isa = PBXFileReference; lastKnownFileType = text.plist.xml; path = "Git Test-Info.plist"; sourceTree = "<group>"; };
		2840EAA519B4C5A100EE4E82 /* en */ = {isa = PBXFileReference; lastKnownFileType = text.plist.strings; name = en; path = en.lproj/InfoPlist.strings; sourceTree = "<group>"; };
		2840EAA719B4C5A100EE4E82 /* main.m */ = {isa = PBXFileReference; lastKnownFileType = sourcecode.c.objc; path = main.m; sourceTree = "<group>"; };
		2840EAA919B4C5A100EE4E82 /* Git Test-Prefix.pch */ = {isa = PBXFileReference; lastKnownFileType = sourcecode.c.h; path = "Git Test-Prefix.pch"; sourceTree = "<group>"; };
		2840EAAA19B4C5A100EE4E82 /* JREAppDelegate.h */ = {isa = PBXFileReference; lastKnownFileType = sourcecode.c.h; path = JREAppDelegate.h; sourceTree = "<group>"; };
		2840EAAB19B4C5A100EE4E82 /* JREAppDelegate.m */ = {isa = PBXFileReference; lastKnownFileType = sourcecode.c.objc; path = JREAppDelegate.m; sourceTree = "<group>"; };
		2840EAAE19B4C5A100EE4E82 /* Base */ = {isa = PBXFileReference; lastKnownFileType = file.storyboard; name = Base; path = Base.lproj/Main.storyboard; sourceTree = "<group>"; };
		2840EAB019B4C5A100EE4E82 /* JREViewController.h */ = {isa = PBXFileReference; lastKnownFileType = sourcecode.c.h; path = JREViewController.h; sourceTree = "<group>"; };
		2840EAB119B4C5A100EE4E82 /* JREViewController.m */ = {isa = PBXFileReference; lastKnownFileType = sourcecode.c.objc; path = JREViewController.m; sourceTree = "<group>"; };
		2840EAB319B4C5A100EE4E82 /* Images.xcassets */ = {isa = PBXFileReference; lastKnownFileType = folder.assetcatalog; path = Images.xcassets; sourceTree = "<group>"; };
		2840EAB919B4C5A100EE4E82 /* Git TestTests.xctest */ = {isa = PBXFileReference; explicitFileType = wrapper.cfbundle; includeInIndex = 0; path = "Git TestTests.xctest"; sourceTree = BUILT_PRODUCTS_DIR; };
		2840EABA19B4C5A100EE4E82 /* XCTest.framework */ = {isa = PBXFileReference; lastKnownFileType = wrapper.framework; name = XCTest.framework; path = Library/Frameworks/XCTest.framework; sourceTree = DEVELOPER_DIR; };
		2840EAC219B4C5A100EE4E82 /* Git TestTests-Info.plist */ = {isa = PBXFileReference; lastKnownFileType = text.plist.xml; path = "Git TestTests-Info.plist"; sourceTree = "<group>"; };
		2840EAC419B4C5A100EE4E82 /* en */ = {isa = PBXFileReference; lastKnownFileType = text.plist.strings; name = en; path = en.lproj/InfoPlist.strings; sourceTree = "<group>"; };
		2840EAC619B4C5A100EE4E82 /* Git_TestTests.m */ = {isa = PBXFileReference; lastKnownFileType = sourcecode.c.objc; path = Git_TestTests.m; sourceTree = "<group>"; };
/* End PBXFileReference section */

/* Begin PBXFrameworksBuildPhase section */
		2840EA9519B4C5A100EE4E82 /* Frameworks */ = {
			isa = PBXFrameworksBuildPhase;
			buildActionMask = 2147483647;
			files = (
				2840EA9E19B4C5A100EE4E82 /* CoreGraphics.framework in Frameworks */,
				2840EAA019B4C5A100EE4E82 /* UIKit.framework in Frameworks */,
				2840EA9C19B4C5A100EE4E82 /* Foundation.framework in Frameworks */,
			);
			runOnlyForDeploymentPostprocessing = 0;
		};
		2840EAB619B4C5A100EE4E82 /* Frameworks */ = {
			isa = PBXFrameworksBuildPhase;
			buildActionMask = 2147483647;
			files = (
				2840EABB19B4C5A100EE4E82 /* XCTest.framework in Frameworks */,
				2840EABD19B4C5A100EE4E82 /* UIKit.framework in Frameworks */,
				2840EABC19B4C5A100EE4E82 /* Foundation.framework in Frameworks */,
			);
			runOnlyForDeploymentPostprocessing = 0;
		};
/* End PBXFrameworksBuildPhase section */

/* Begin PBXGroup section */
		2840EA8F19B4C5A100EE4E82 = {
			isa = PBXGroup;
			children = (
				2840EAA119B4C5A100EE4E82 /* Git Test */,
				2840EAC019B4C5A100EE4E82 /* Git TestTests */,
				2840EA9A19B4C5A100EE4E82 /* Frameworks */,
				2840EA9919B4C5A100EE4E82 /* Products */,
			);
			sourceTree = "<group>";
		};
		2840EA9919B4C5A100EE4E82 /* Products */ = {
			isa = PBXGroup;
			children = (
				2840EA9819B4C5A100EE4E82 /* Git Test.app */,
				2840EAB919B4C5A100EE4E82 /* Git TestTests.xctest */,
			);
			name = Products;
			sourceTree = "<group>";
		};
		2840EA9A19B4C5A100EE4E82 /* Frameworks */ = {
			isa = PBXGroup;
			children = (
				2840EA9B19B4C5A100EE4E82 /* Foundation.framework */,
				2840EA9D19B4C5A100EE4E82 /* CoreGraphics.framework */,
				2840EA9F19B4C5A100EE4E82 /* UIKit.framework */,
				2840EABA19B4C5A100EE4E82 /* XCTest.framework */,
			);
			name = Frameworks;
			sourceTree = "<group>";
		};
		2840EAA119B4C5A100EE4E82 /* Git Test */ = {
			isa = PBXGroup;
			children = (
				2840EAAA19B4C5A100EE4E82 /* JREAppDelegate.h */,
				2840EAAB19B4C5A100EE4E82 /* JREAppDelegate.m */,
				2840EAAD19B4C5A100EE4E82 /* Main.storyboard */,
				2840EAB019B4C5A100EE4E82 /* JREViewController.h */,
				2840EAB119B4C5A100EE4E82 /* JREViewController.m */,
				2840EAB319B4C5A100EE4E82 /* Images.xcassets */,
				2840EAA219B4C5A100EE4E82 /* Supporting Files */,
			);
			path = "Git Test";
			sourceTree = "<group>";
		};
		2840EAA219B4C5A100EE4E82 /* Supporting Files */ = {
			isa = PBXGroup;
			children = (
				2840EAA319B4C5A100EE4E82 /* Git Test-Info.plist */,
				2840EAA419B4C5A100EE4E82 /* InfoPlist.strings */,
				2840EAA719B4C5A100EE4E82 /* main.m */,
				2840EAA919B4C5A100EE4E82 /* Git Test-Prefix.pch */,
			);
			name = "Supporting Files";
			sourceTree = "<group>";
		};
		2840EAC019B4C5A100EE4E82 /* Git TestTests */ = {
			isa = PBXGroup;
			children = (
				2840EAC619B4C5A100EE4E82 /* Git_TestTests.m */,
				2840EAC119B4C5A100EE4E82 /* Supporting Files */,
			);
			path = "Git TestTests";
			sourceTree = "<group>";
		};
		2840EAC119B4C5A100EE4E82 /* Supporting Files */ = {
			isa = PBXGroup;
			children = (
				2840EAC219B4C5A100EE4E82 /* Git TestTests-Info.plist */,
				2840EAC319B4C5A100EE4E82 /* InfoPlist.strings */,
			);
			name = "Supporting Files";
			sourceTree = "<group>";
		};
/* End PBXGroup section */

/* Begin PBXNativeTarget section */
		2840EA9719B4C5A100EE4E82 /* Git Test */ = {
			isa = PBXNativeTarget;
			buildConfigurationList = 2840EACA19B4C5A100EE4E82 /* Build configuration list for PBXNativeTarget "Git Test" */;
			buildPhases = (
				2840EA9419B4C5A100EE4E82 /* Sources */,
				2840EA9519B4C5A100EE4E82 /* Frameworks */,
				2840EA9619B4C5A100EE4E82 /* Resources */,
			);
			buildRules = (
			);
			dependencies = (
			);
			name = "Git Test";
			productName = "Git Test";
			productReference = 2840EA9819B4C5A100EE4E82 /* Git Test.app */;
			productType = "com.apple.product-type.application";
		};
		2840EAB819B4C5A100EE4E82 /* Git TestTests */ = {
			isa = PBXNativeTarget;
			buildConfigurationList = 2840EACD19B4C5A100EE4E82 /* Build configuration list for PBXNativeTarget "Git TestTests" */;
			buildPhases = (
				2840EAB519B4C5A100EE4E82 /* Sources */,
				2840EAB619B4C5A100EE4E82 /* Frameworks */,
				2840EAB719B4C5A100EE4E82 /* Resources */,
			);
			buildRules = (
			);
			dependencies = (
				2840EABF19B4C5A100EE4E82 /* PBXTargetDependency */,
			);
			name = "Git TestTests";
			productName = "Git TestTests";
			productReference = 2840EAB919B4C5A100EE4E82 /* Git TestTests.xctest */;
			productType = "com.apple.product-type.bundle.unit-test";
		};
/* End PBXNativeTarget section */

/* Begin PBXProject section */
		2840EA9019B4C5A100EE4E82 /* Project object */ = {
			isa = PBXProject;
			attributes = {
				CLASSPREFIX = JRE;
				LastUpgradeCheck = 0510;
				ORGANIZATIONNAME = MEJREWare;
				TargetAttributes = {
					2840EAB819B4C5A100EE4E82 = {
						TestTargetID = 2840EA9719B4C5A100EE4E82;
					};
				};
			};
			buildConfigurationList = 2840EA9319B4C5A100EE4E82 /* Build configuration list for PBXProject "Git Test" */;
			compatibilityVersion = "Xcode 3.2";
			developmentRegion = English;
			hasScannedForEncodings = 0;
			knownRegions = (
				en,
				Base,
			);
			mainGroup = 2840EA8F19B4C5A100EE4E82;
			productRefGroup = 2840EA9919B4C5A100EE4E82 /* Products */;
			projectDirPath = "";
			projectRoot = "";
			targets = (
				2840EA9719B4C5A100EE4E82 /* Git Test */,
				2840EAB819B4C5A100EE4E82 /* Git TestTests */,
			);
		};
/* End PBXProject section */

/* Begin PBXResourcesBuildPhase section */
		2840EA9619B4C5A100EE4E82 /* Resources */ = {
			isa = PBXResourcesBuildPhase;
			buildActionMask = 2147483647;
			files = (
				2840EAB419B4C5A100EE4E82 /* Images.xcassets in Resources */,
				2840EAA619B4C5A100EE4E82 /* InfoPlist.strings in Resources */,
				2840EAAF19B4C5A100EE4E82 /* Main.storyboard in Resources */,
			);
			runOnlyForDeploymentPostprocessing = 0;
		};
		2840EAB719B4C5A100EE4E82 /* Resources */ = {
			isa = PBXResourcesBuildPhase;
			buildActionMask = 2147483647;
			files = (
				2840EAC519B4C5A100EE4E82 /* InfoPlist.strings in Resources */,
			);
			runOnlyForDeploymentPostprocessing = 0;
		};
/* End PBXResourcesBuildPhase section */

/* Begin PBXSourcesBuildPhase section */
		2840EA9419B4C5A100EE4E82 /* Sources */ = {
			isa = PBXSourcesBuildPhase;
			buildActionMask = 2147483647;
			files = (
				2840EAAC19B4C5A100EE4E82 /* JREAppDelegate.m in Sources */,
				2840EAB219B4C5A100EE4E82 /* JREViewController.m in Sources */,
				2840EAA819B4C5A100EE4E82 /* main.m in Sources */,
			);
			runOnlyForDeploymentPostprocessing = 0;
		};
		2840EAB519B4C5A100EE4E82 /* Sources */ = {
			isa = PBXSourcesBuildPhase;
			buildActionMask = 2147483647;
			files = (
				2840EAC719B4C5A100EE4E82 /* Git_TestTests.m in Sources */,
			);
			runOnlyForDeploymentPostprocessing = 0;
		};
/* End PBXSourcesBuildPhase section */

/* Begin PBXTargetDependency section */
		2840EABF19B4C5A100EE4E82 /* PBXTargetDependency */ = {
			isa = PBXTargetDependency;
			target = 2840EA9719B4C5A100EE4E82 /* Git Test */;
			targetProxy = 2840EABE19B4C5A100EE4E82 /* PBXContainerItemProxy */;
		};
/* End PBXTargetDependency section */

/* Begin PBXVariantGroup section */
		2840EAA419B4C5A100EE4E82 /* InfoPlist.strings */ = {
			isa = PBXVariantGroup;
			children = (
				2840EAA519B4C5A100EE4E82 /* en */,
			);
			name = InfoPlist.strings;
			sourceTree = "<group>";
		};
		2840EAAD19B4C5A100EE4E82 /* Main.storyboard */ = {
			isa = PBXVariantGroup;
			children = (
				2840EAAE19B4C5A100EE4E82 /* Base */,
			);
			name = Main.storyboard;
			sourceTree = "<group>";
		};
		2840EAC319B4C5A100EE4E82 /* InfoPlist.strings */ = {
			isa = PBXVariantGroup;
			children = (
				2840EAC419B4C5A100EE4E82 /* en */,
			);
			name = InfoPlist.strings;
			sourceTree = "<group>";
		};
/* End PBXVariantGroup section */

/* Begin XCBuildConfiguration section */
		2840EAC819B4C5A100EE4E82 /* Debug */ = {
			isa = XCBuildConfiguration;
			buildSettings = {
				ALWAYS_SEARCH_USER_PATHS = NO;
				CLANG_CXX_LANGUAGE_STANDARD = "gnu++0x";
				CLANG_CXX_LIBRARY = "libc++";
				CLANG_ENABLE_MODULES = YES;
				CLANG_ENABLE_OBJC_ARC = YES;
				CLANG_WARN_BOOL_CONVERSION = YES;
				CLANG_WARN_CONSTANT_CONVERSION = YES;
				CLANG_WARN_DIRECT_OBJC_ISA_USAGE = YES_ERROR;
				CLANG_WARN_EMPTY_BODY = YES;
				CLANG_WARN_ENUM_CONVERSION = YES;
				CLANG_WARN_INT_CONVERSION = YES;
				CLANG_WARN_OBJC_ROOT_CLASS = YES_ERROR;
				CLANG_WARN__DUPLICATE_METHOD_MATCH = YES;
				"CODE_SIGN_IDENTITY[sdk=iphoneos*]" = "iPhone Developer";
				COPY_PHASE_STRIP = NO;
				GCC_C_LANGUAGE_STANDARD = gnu99;
				GCC_DYNAMIC_NO_PIC = NO;
				GCC_OPTIMIZATION_LEVEL = 0;
				GCC_PREPROCESSOR_DEFINITIONS = (
					"DEBUG=1",
					"$(inherited)",
				);
				GCC_SYMBOLS_PRIVATE_EXTERN = NO;
				GCC_WARN_64_TO_32_BIT_CONVERSION = YES;
				GCC_WARN_ABOUT_RETURN_TYPE = YES_ERROR;
				GCC_WARN_UNDECLARED_SELECTOR = YES;
				GCC_WARN_UNINITIALIZED_AUTOS = YES_AGGRESSIVE;
				GCC_WARN_UNUSED_FUNCTION = YES;
				GCC_WARN_UNUSED_VARIABLE = YES;
				IPHONEOS_DEPLOYMENT_TARGET = 7.1;
				ONLY_ACTIVE_ARCH = YES;
				SDKROOT = iphoneos;
			};
			name = Debug;
		};
		2840EAC919B4C5A100EE4E82 /* Release */ = {
			isa = XCBuildConfiguration;
			buildSettings = {
				ALWAYS_SEARCH_USER_PATHS = NO;
				CLANG_CXX_LANGUAGE_STANDARD = "gnu++0x";
				CLANG_CXX_LIBRARY = "libc++";
				CLANG_ENABLE_MODULES = YES;
				CLANG_ENABLE_OBJC_ARC = YES;
				CLANG_WARN_BOOL_CONVERSION = YES;
				CLANG_WARN_CONSTANT_CONVERSION = YES;
				CLANG_WARN_DIRECT_OBJC_ISA_USAGE = YES_ERROR;
				CLANG_WARN_EMPTY_BODY = YES;
				CLANG_WARN_ENUM_CONVERSION = YES;
				CLANG_WARN_INT_CONVERSION = YES;
				CLANG_WARN_OBJC_ROOT_CLASS = YES_ERROR;
				CLANG_WARN__DUPLICATE_METHOD_MATCH = YES;
				"CODE_SIGN_IDENTITY[sdk=iphoneos*]" = "iPhone Developer";
				COPY_PHASE_STRIP = YES;
				ENABLE_NS_ASSERTIONS = NO;
				GCC_C_LANGUAGE_STANDARD = gnu99;
				GCC_WARN_64_TO_32_BIT_CONVERSION = YES;
				GCC_WARN_ABOUT_RETURN_TYPE = YES_ERROR;
				GCC_WARN_UNDECLARED_SELECTOR = YES;
				GCC_WARN_UNINITIALIZED_AUTOS = YES_AGGRESSIVE;
				GCC_WARN_UNUSED_FUNCTION = YES;
				GCC_WARN_UNUSED_VARIABLE = YES;
				IPHONEOS_DEPLOYMENT_TARGET = 7.1;
				SDKROOT = iphoneos;
				VALIDATE_PRODUCT = YES;
			};
			name = Release;
		};
		2840EACB19B4C5A100EE4E82 /* Debug */ = {
			isa = XCBuildConfiguration;
			buildSettings = {
				ASSETCATALOG_COMPILER_APPICON_NAME = AppIcon;
				ASSETCATALOG_COMPILER_LAUNCHIMAGE_NAME = LaunchImage;
				GCC_PRECOMPILE_PREFIX_HEADER = YES;
				GCC_PREFIX_HEADER = "Git Test/Git Test-Prefix.pch";
				INFOPLIST_FILE = "Git Test/Git Test-Info.plist";
				PRODUCT_NAME = "$(TARGET_NAME)";
				WRAPPER_EXTENSION = app;
			};
			name = Debug;
		};
		2840EACC19B4C5A100EE4E82 /* Release */ = {
			isa = XCBuildConfiguration;
			buildSettings = {
				ASSETCATALOG_COMPILER_APPICON_NAME = AppIcon;
				ASSETCATALOG_COMPILER_LAUNCHIMAGE_NAME = LaunchImage;
				GCC_PRECOMPILE_PREFIX_HEADER = YES;
				GCC_PREFIX_HEADER = "Git Test/Git Test-Prefix.pch";
				INFOPLIST_FILE = "Git Test/Git Test-Info.plist";
				PRODUCT_NAME = "$(TARGET_NAME)";
				WRAPPER_EXTENSION = app;
			};
			name = Release;
		};
		2840EACE19B4C5A100EE4E82 /* Debug */ = {
			isa = XCBuildConfiguration;
			buildSettings = {
				BUNDLE_LOADER = "$(BUILT_PRODUCTS_DIR)/Git Test.app/Git Test";
				FRAMEWORK_SEARCH_PATHS = (
					"$(SDKROOT)/Developer/Library/Frameworks",
					"$(inherited)",
					"$(DEVELOPER_FRAMEWORKS_DIR)",
				);
				GCC_PRECOMPILE_PREFIX_HEADER = YES;
				GCC_PREFIX_HEADER = "Git Test/Git Test-Prefix.pch";
				GCC_PREPROCESSOR_DEFINITIONS = (
					"DEBUG=1",
					"$(inherited)",
				);
				INFOPLIST_FILE = "Git TestTests/Git TestTests-Info.plist";
				PRODUCT_NAME = "$(TARGET_NAME)";
				TEST_HOST = "$(BUNDLE_LOADER)";
				WRAPPER_EXTENSION = xctest;
			};
			name = Debug;
		};
		2840EACF19B4C5A100EE4E82 /* Release */ = {
			isa = XCBuildConfiguration;
			buildSettings = {
				BUNDLE_LOADER = "$(BUILT_PRODUCTS_DIR)/Git Test.app/Git Test";
				FRAMEWORK_SEARCH_PATHS = (
					"$(SDKROOT)/Developer/Library/Frameworks",
					"$(inherited)",
					"$(DEVELOPER_FRAMEWORKS_DIR)",
				);
				GCC_PRECOMPILE_PREFIX_HEADER = YES;
				GCC_PREFIX_HEADER = "Git Test/Git Test-Prefix.pch";
				INFOPLIST_FILE = "Git TestTests/Git TestTests-Info.plist";
				PRODUCT_NAME = "$(TARGET_NAME)";
				TEST_HOST = "$(BUNDLE_LOADER)";
				WRAPPER_EXTENSION = xctest;
			};
			name = Release;
		};
/* End XCBuildConfiguration section */

/* Begin XCConfigurationList section */
		2840EA9319B4C5A100EE4E82 /* Build configuration list for PBXProject "Git Test" */ = {
			isa = XCConfigurationList;
			buildConfigurations = (
				2840EAC819B4C5A100EE4E82 /* Debug */,
				2840EAC919B4C5A100EE4E82 /* Release */,
			);
			defaultConfigurationIsVisible = 0;
			defaultConfigurationName = Release;
		};
		2840EACA19B4C5A100EE4E82 /* Build configuration list for PBXNativeTarget "Git Test" */ = {
			isa = XCConfigurationList;
			buildConfigurations = (
				2840EACB19B4C5A100EE4E82 /* Debug */,
				2840EACC19B4C5A100EE4E82 /* Release */,
			);
			defaultConfigurationIsVisible = 0;
		};
		2840EACD19B4C5A100EE4E82 /* Build configuration list for PBXNativeTarget "Git TestTests" */ = {
			isa = XCConfigurationList;
			buildConfigurations = (
				2840EACE19B4C5A100EE4E82 /* Debug */,
				2840EACF19B4C5A100EE4E82 /* Release */,
			);
			defaultConfigurationIsVisible = 0;
		};
/* End XCConfigurationList section */
	};
	rootObject = 2840EA9019B4C5A100EE4E82 /* Project object */;
}
